
Microsoft Visual Studio Solution File, Format Version 12.00
# Visual Studio Version 17
VisualStudioVersion = 17.5.33424.131
MinimumVisualStudioVersion = 10.0.40219.1
Project("{FAE04EC0-301F-11D3-BF4B-00C04F79EFBC}") = "AtManBackend", "AtManBackend\AtManBackend.csproj", "{B80F478D-D438-4946-938F-9E6AB22961C0}"
EndProject
Global
	GlobalSection(SolutionConfigurationPlatforms) = preSolution
		Debug|Any CPU = Debug|Any CPU
		Release|Any CPU = Release|Any CPU
	EndGlobalSection
	GlobalSection(ProjectConfigurationPlatforms) = postSolution
		{B80F478D-D438-4946-938F-9E6AB22961C0}.Debug|Any CPU.ActiveCfg = Debug|Any CPU
		{B80F478D-D438-4946-938F-9E6AB22961C0}.Debug|Any CPU.Build.0 = Debug|Any CPU
		{B80F478D-D438-4946-938F-9E6AB22961C0}.Release|Any CPU.ActiveCfg = Release|Any CPU
		{B80F478D-D438-4946-938F-9E6AB22961C0}.Release|Any CPU.Build.0 = Release|Any CPU
	EndGlobalSection
	GlobalSection(SolutionProperties) = preSolution
		HideSolutionNode = FALSE
	EndGlobalSection
	GlobalSection(ExtensibilityGlobals) = postSolution
		SolutionGuid = {C6C62B00-53F7-4D31-AD3C-2679C083FE2E}
	EndGlobalSection
EndGlobal
